Microsoft Visual Studio Solution File, Format Version 8.00
Project("{54435603-DBB4-11D2-8724-00A0C9A8B90C}") = "eMule Shell Extension", "eMuleShellExt.vdproj", "{99852CDC-B27F-4A96-A82E-5085CE8D4CBF}"
	ProjectSection(ProjectDependencies) = postProject
	EndProjectSection
EndProject
Global
	GlobalSection(SolutionConfiguration) = preSolution
		Release = Release
	EndGlobalSection
	GlobalSection(ProjectConfiguration) = postSolution
		{99852CDC-B27F-4A96-A82E-5085CE8D4CBF}.Release.ActiveCfg = Release
		{99852CDC-B27F-4A96-A82E-5085CE8D4CBF}.Release.Build.0 = Release
	EndGlobalSection
	GlobalSection(ExtensibilityGlobals) = postSolution
	EndGlobalSection
	GlobalSection(ExtensibilityAddIns) = postSolution
	EndGlobalSection
EndGlobal
