
Microsoft Visual Studio Solution File, Format Version 10.00
# Visual Studio 2008
Project("{8BC9CEB8-8B4A-11D0-8D11-00A0C91BC942}") = "plugin_access_partfile", "plugin_access_partfile.vcproj", "{DAF1E4BE-A778-464E-A377-053C8CE14C84}"
EndProject
Global
	GlobalSection(SolutionConfigurationPlatforms) = preSolution
		Debug|Win32 = Debug|Win32
		Release|Win32 = Release|Win32
	EndGlobalSection
	GlobalSection(ProjectConfigurationPlatforms) = postSolution
		{DAF1E4BE-A778-464E-A377-053C8CE14C84}.Debug|Win32.ActiveCfg = Debug|Win32
		{DAF1E4BE-A778-464E-A377-053C8CE14C84}.Debug|Win32.Build.0 = Debug|Win32
		{DAF1E4BE-A778-464E-A377-053C8CE14C84}.Release|Win32.ActiveCfg = Release|Win32
		{DAF1E4BE-A778-464E-A377-053C8CE14C84}.Release|Win32.Build.0 = Release|Win32
	EndGlobalSection
	GlobalSection(SolutionProperties) = preSolution
		HideSolutionNode = FALSE
	EndGlobalSection
EndGlobal
